
Microsoft Visual Studio Solution File, Format Version 12.00
# Visual Studio Version 17
VisualStudioVersion = 17.11.35327.3
MinimumVisualStudioVersion = 10.0.40219.1
Project("{FAE04EC0-301F-11D3-BF4B-00C04F79EFBC}") = "JadwalMahasiswa", "JadwalMahasiswa.csproj", "{07CB30CC-35E6-4868-ADA5-5DDA418E7B7E}"
EndProject
Global
	GlobalSection(SolutionConfigurationPlatforms) = preSolution
		Debug|Any CPU = Debug|Any CPU
		Release|Any CPU = Release|Any CPU
	EndGlobalSection
	GlobalSection(ProjectConfigurationPlatforms) = postSolution
		{07CB30CC-35E6-4868-ADA5-5DDA418E7B7E}.Debug|Any CPU.ActiveCfg = Debug|Any CPU
		{07CB30CC-35E6-4868-ADA5-5DDA418E7B7E}.Debug|Any CPU.Build.0 = Debug|Any CPU
		{07CB30CC-35E6-4868-ADA5-5DDA418E7B7E}.Release|Any CPU.ActiveCfg = Release|Any CPU
		{07CB30CC-35E6-4868-ADA5-5DDA418E7B7E}.Release|Any CPU.Build.0 = Release|Any CPU
	EndGlobalSection
	GlobalSection(SolutionProperties) = preSolution
		HideSolutionNode = FALSE
	EndGlobalSection
	GlobalSection(ExtensibilityGlobals) = postSolution
		SolutionGuid = {2A9A48DE-5E38-4F01-A61C-F464FE378C69}
	EndGlobalSection
EndGlobal
